
Microsoft Visual Studio Solution File, Format Version 12.00
# Visual Studio Version 17
VisualStudioVersion = 17.14.36408.4
MinimumVisualStudioVersion = 10.0.40219.1
Project("{FAE04EC0-301F-11D3-BF4B-00C04F79EFBC}") = "CleanArchitecture.Api", "CleanArchitecture.Api\CleanArchitecture.Api.csproj", "{2D7C5B61-7D0F-4A08-99E3-043E5D4A4C1A}"
EndProject
Project("{FAE04EC0-301F-11D3-BF4B-00C04F79EFBC}") = "CleanArchitecture.Domain", "CleanArchitecture.Domain\CleanArchitecture.Domain.csproj", "{1561D3C4-F415-4789-A7DD-91344BB1A69D}"
EndProject
Project("{FAE04EC0-301F-11D3-BF4B-00C04F79EFBC}") = "CleanArchitecture.Application", "CleanArchitecture.Application\CleanArchitecture.Application.csproj", "{D86A7F84-1FD5-4F30-B76F-0DBAA542EE2B}"
EndProject
Project("{FAE04EC0-301F-11D3-BF4B-00C04F79EFBC}") = "CleanArchitecture.Infrastructure", "CleanArchitecture.Infrastructure\CleanArchitecture.Infrastructure.csproj", "{1B0DEC24-7D30-4F47-9CF7-AC0921F3BB12}"
EndProject
Project("{FAE04EC0-301F-11D3-BF4B-00C04F79EFBC}") = "CleanArchitecture.Presentation", "CleanArchitecture.Presentation\CleanArchitecture.Presentation.csproj", "{0232C8FD-D744-4678-93E4-B3CE1198B701}"
EndProject
Global
	GlobalSection(SolutionConfigurationPlatforms) = preSolution
		Debug|Any CPU = Debug|Any CPU
		Release|Any CPU = Release|Any CPU
	EndGlobalSection
	GlobalSection(ProjectConfigurationPlatforms) = postSolution
		{2D7C5B61-7D0F-4A08-99E3-043E5D4A4C1A}.Debug|Any CPU.ActiveCfg = Debug|Any CPU
		{2D7C5B61-7D0F-4A08-99E3-043E5D4A4C1A}.Debug|Any CPU.Build.0 = Debug|Any CPU
		{2D7C5B61-7D0F-4A08-99E3-043E5D4A4C1A}.Release|Any CPU.ActiveCfg = Release|Any CPU
		{2D7C5B61-7D0F-4A08-99E3-043E5D4A4C1A}.Release|Any CPU.Build.0 = Release|Any CPU
		{1561D3C4-F415-4789-A7DD-91344BB1A69D}.Debug|Any CPU.ActiveCfg = Debug|Any CPU
		{1561D3C4-F415-4789-A7DD-91344BB1A69D}.Debug|Any CPU.Build.0 = Debug|Any CPU
		{1561D3C4-F415-4789-A7DD-91344BB1A69D}.Release|Any CPU.ActiveCfg = Release|Any CPU
		{1561D3C4-F415-4789-A7DD-91344BB1A69D}.Release|Any CPU.Build.0 = Release|Any CPU
		{D86A7F84-1FD5-4F30-B76F-0DBAA542EE2B}.Debug|Any CPU.ActiveCfg = Debug|Any CPU
		{D86A7F84-1FD5-4F30-B76F-0DBAA542EE2B}.Debug|Any CPU.Build.0 = Debug|Any CPU
		{D86A7F84-1FD5-4F30-B76F-0DBAA542EE2B}.Release|Any CPU.ActiveCfg = Release|Any CPU
		{D86A7F84-1FD5-4F30-B76F-0DBAA542EE2B}.Release|Any CPU.Build.0 = Release|Any CPU
		{1B0DEC24-7D30-4F47-9CF7-AC0921F3BB12}.Debug|Any CPU.ActiveCfg = Debug|Any CPU
		{1B0DEC24-7D30-4F47-9CF7-AC0921F3BB12}.Debug|Any CPU.Build.0 = Debug|Any CPU
		{1B0DEC24-7D30-4F47-9CF7-AC0921F3BB12}.Release|Any CPU.ActiveCfg = Release|Any CPU
		{1B0DEC24-7D30-4F47-9CF7-AC0921F3BB12}.Release|Any CPU.Build.0 = Release|Any CPU
		{0232C8FD-D744-4678-93E4-B3CE1198B701}.Debug|Any CPU.ActiveCfg = Debug|Any CPU
		{0232C8FD-D744-4678-93E4-B3CE1198B701}.Debug|Any CPU.Build.0 = Debug|Any CPU
		{0232C8FD-D744-4678-93E4-B3CE1198B701}.Release|Any CPU.ActiveCfg = Release|Any CPU
		{0232C8FD-D744-4678-93E4-B3CE1198B701}.Release|Any CPU.Build.0 = Release|Any CPU
	EndGlobalSection
	GlobalSection(SolutionProperties) = preSolution
		HideSolutionNode = FALSE
	EndGlobalSection
	GlobalSection(ExtensibilityGlobals) = postSolution
		SolutionGuid = {1E9456FE-4253-4609-ABE6-9143AD54ACDB}
	EndGlobalSection
EndGlobal
